
Microsoft Visual Studio Solution File, Format Version 12.00
# Visual Studio Version 17
VisualStudioVersion = 17.10.35027.167
MinimumVisualStudioVersion = 10.0.40219.1
Project("{FAE04EC0-301F-11D3-BF4B-00C04F79EFBC}") = "Unobscured", "Unobscured\Unobscured.csproj", "{F7B6CA8B-E6AD-4E5F-AD35-78554A0EE21A}"
EndProject
Global
	GlobalSection(SolutionConfigurationPlatforms) = preSolution
		Debug|Any CPU = Debug|Any CPU
		Release|Any CPU = Release|Any CPU
	EndGlobalSection
	GlobalSection(ProjectConfigurationPlatforms) = postSolution
		{F7B6CA8B-E6AD-4E5F-AD35-78554A0EE21A}.Debug|Any CPU.ActiveCfg = Debug|Any CPU
		{F7B6CA8B-E6AD-4E5F-AD35-78554A0EE21A}.Debug|Any CPU.Build.0 = Debug|Any CPU
		{F7B6CA8B-E6AD-4E5F-AD35-78554A0EE21A}.Release|Any CPU.ActiveCfg = Release|Any CPU
		{F7B6CA8B-E6AD-4E5F-AD35-78554A0EE21A}.Release|Any CPU.Build.0 = Release|Any CPU
	EndGlobalSection
	GlobalSection(SolutionProperties) = preSolution
		HideSolutionNode = FALSE
	EndGlobalSection
	GlobalSection(ExtensibilityGlobals) = postSolution
		SolutionGuid = {51FEC656-5281-4D2F-93CE-DBDAE4406688}
	EndGlobalSection
EndGlobal
